
Microsoft Visual Studio Solution File, Format Version 12.00
# Visual Studio 15
VisualStudioVersion = 15.0.28307.572
MinimumVisualStudioVersion = 10.0.40219.1
Project("{9A19103F-16F7-4668-BE54-9A1E7A4F7556}") = "FamilIntegrationService", "FamilIntegrationService\FamilIntegrationService.csproj", "{8E6932DF-052C-4BA4-A9EF-F20291C1C164}"
EndProject
Project("{FAE04EC0-301F-11D3-BF4B-00C04F79EFBC}") = "ClassLibrary1", "ClassLibrary1\ClassLibrary1.csproj", "{2F56D526-6E83-4AE1-BA03-3D94EB0F7090}"
EndProject
Project("{9A19103F-16F7-4668-BE54-9A1E7A4F7556}") = "ProcessingIntegrationService", "ProcessingIntegrationService\ProcessingIntegrationService.csproj", "{5A535D91-339A-4390-9C51-709A10250A84}"
EndProject
Project("{9A19103F-16F7-4668-BE54-9A1E7A4F7556}") = "FamilIntegrationCore", "FamilIntegrationCore\FamilIntegrationCore.csproj", "{837603A7-C938-40A2-BE51-D3715277CFBF}"
EndProject
Project("{FAE04EC0-301F-11D3-BF4B-00C04F79EFBC}") = "PersonalAreaIntegrationService", "PersonalAreaIntegrationService\PersonalAreaIntegrationService.csproj", "{C10B3592-240F-4B78-8152-A0EFB6FEE416}"
EndProject
Global
	GlobalSection(SolutionConfigurationPlatforms) = preSolution
		Debug|Any CPU = Debug|Any CPU
		Release|Any CPU = Release|Any CPU
	EndGlobalSection
	GlobalSection(ProjectConfigurationPlatforms) = postSolution
		{8E6932DF-052C-4BA4-A9EF-F20291C1C164}.Debug|Any CPU.ActiveCfg = Debug|Any CPU
		{8E6932DF-052C-4BA4-A9EF-F20291C1C164}.Debug|Any CPU.Build.0 = Debug|Any CPU
		{8E6932DF-052C-4BA4-A9EF-F20291C1C164}.Release|Any CPU.ActiveCfg = Release|Any CPU
		{8E6932DF-052C-4BA4-A9EF-F20291C1C164}.Release|Any CPU.Build.0 = Release|Any CPU
		{2F56D526-6E83-4AE1-BA03-3D94EB0F7090}.Debug|Any CPU.ActiveCfg = Debug|Any CPU
		{2F56D526-6E83-4AE1-BA03-3D94EB0F7090}.Debug|Any CPU.Build.0 = Debug|Any CPU
		{2F56D526-6E83-4AE1-BA03-3D94EB0F7090}.Release|Any CPU.ActiveCfg = Release|Any CPU
		{2F56D526-6E83-4AE1-BA03-3D94EB0F7090}.Release|Any CPU.Build.0 = Release|Any CPU
		{5A535D91-339A-4390-9C51-709A10250A84}.Debug|Any CPU.ActiveCfg = Debug|Any CPU
		{5A535D91-339A-4390-9C51-709A10250A84}.Debug|Any CPU.Build.0 = Debug|Any CPU
		{5A535D91-339A-4390-9C51-709A10250A84}.Release|Any CPU.ActiveCfg = Release|Any CPU
		{5A535D91-339A-4390-9C51-709A10250A84}.Release|Any CPU.Build.0 = Release|Any CPU
		{837603A7-C938-40A2-BE51-D3715277CFBF}.Debug|Any CPU.ActiveCfg = Debug|Any CPU
		{837603A7-C938-40A2-BE51-D3715277CFBF}.Debug|Any CPU.Build.0 = Debug|Any CPU
		{837603A7-C938-40A2-BE51-D3715277CFBF}.Release|Any CPU.ActiveCfg = Release|Any CPU
		{837603A7-C938-40A2-BE51-D3715277CFBF}.Release|Any CPU.Build.0 = Release|Any CPU
		{C10B3592-240F-4B78-8152-A0EFB6FEE416}.Debug|Any CPU.ActiveCfg = Debug|Any CPU
		{C10B3592-240F-4B78-8152-A0EFB6FEE416}.Debug|Any CPU.Build.0 = Debug|Any CPU
		{C10B3592-240F-4B78-8152-A0EFB6FEE416}.Release|Any CPU.ActiveCfg = Release|Any CPU
		{C10B3592-240F-4B78-8152-A0EFB6FEE416}.Release|Any CPU.Build.0 = Release|Any CPU
	EndGlobalSection
	GlobalSection(SolutionProperties) = preSolution
		HideSolutionNode = FALSE
	EndGlobalSection
	GlobalSection(ExtensibilityGlobals) = postSolution
		SolutionGuid = {8E1E9EE9-93D6-47A6-B42E-6D69442DBC19}
	EndGlobalSection
EndGlobal
